{
  "name": "node-windows-x64",
  "version": "0.0.3",
  "lockfileVersion": 1,
  "requires": true,
  "dependencies": {
    "bindings": {
      "version": "1.5.0",
      "resolved": "https://registry.npm.taobao.org/bindings/download/bindings-1.5.0.tgz",
      "integrity": "sha1-EDU8npRTNLwFEabZCzj7x8nFBN8=",
      "requires": {
        "file-uri-to-path": "1.0.0"
      }
    },
    "file-uri-to-path": {
      "version": "1.0.0",
      "resolved": "https://registry.npm.taobao.org/file-uri-to-path/download/file-uri-to-path-1.0.0.tgz",
      "integrity": "sha1-VTp7hEb/b2hDWcRF8eN6BdrMM90="
    },
    "node-addon-api": {
      "version": "3.1.0",
      "resolved": "https://registry.npm.taobao.org/node-addon-api/download/node-addon-api-3.1.0.tgz",
      "integrity": "sha1-mLIZMVV0ZsZynlHLd805yWX0Ijk="
    }
  }
}
