{
  "name": "node-windows-x64",
  "version": "0.0.10",
  "lockfileVersion": 1,
  "requires": true,
  "dependencies": {
    "@types/node": {
      "version": "16.7.6",
      "resolved": "https://registry.nlark.com/@types/node/download/@types/node-16.7.6.tgz?cache=0&sync_timestamp=1630253006705&other_urls=https%3A%2F%2Fregistry.nlark.com%2F%40types%2Fnode%2Fdownload%2F%40types%2Fnode-16.7.6.tgz",
      "integrity": "sha1-hmZHjbgJWqZuJbfkafPntT6ihV4=",
      "dev": true
    },
    "bindings": {
      "version": "1.5.0",
      "resolved": "https://registry.nlark.com/bindings/download/bindings-1.5.0.tgz",
      "integrity": "sha1-EDU8npRTNLwFEabZCzj7x8nFBN8=",
      "requires": {
        "file-uri-to-path": "1.0.0"
      }
    },
    "file-uri-to-path": {
      "version": "1.0.0",
      "resolved": "https://registry.nlark.com/file-uri-to-path/download/file-uri-to-path-1.0.0.tgz",
      "integrity": "sha1-VTp7hEb/b2hDWcRF8eN6BdrMM90="
    },
    "node-addon-api": {
      "version": "4.1.0",
      "resolved": "https://registry.nlark.com/node-addon-api/download/node-addon-api-4.1.0.tgz",
      "integrity": "sha1-8XIvH2B5NYRjL//7eeEsoELEi9A="
    },
    "struct-buffer": {
      "version": "5.0.0",
      "resolved": "https://registry.nlark.com/struct-buffer/download/struct-buffer-5.0.0.tgz",
      "integrity": "sha1-aYqFqo5Geg4UpCrPHoplz41bFgI=",
      "dev": true
    }
  }
}
